<?xml version="1.0" encoding="utf-8"?>
<Project ToolsVersion="4.0" xmlns="http://schemas.microsoft.com/developer/msbuild/2003">
  <ItemGroup>
    <Filter Include="源文件">
      <UniqueIdentifier>{4FC737F1-C7A5-4376-A066-2A32D752A2FF}</UniqueIdentifier>
      <Extensions>cpp;c;cc;cxx;c++;cppm;ixx;def;odl;idl;hpj;bat;asm;asmx</Extensions>
    </Filter>
    <Filter Include="头文件">
      <UniqueIdentifier>{93995380-89BD-4b04-88EB-625FBE52EBFB}</UniqueIdentifier>
      <Extensions>h;hh;hpp;hxx;h++;hm;inl;inc;ipp;xsd</Extensions>
    </Filter>
    <Filter Include="资源文件">
      <UniqueIdentifier>{67DA6AB6-F800-4c08-8B7A-83BB121AAD01}</UniqueIdentifier>
      <Extensions>rc;ico;cur;bmp;dlg;rc2;rct;bin;rgs;gif;jpg;jpeg;jpe;resx;tiff;tif;png;wav;mfcribbon-ms</Extensions>
    </Filter>
  </ItemGroup>
  <ItemGroup>
    <ClInclude Include="Dijkstra.h">
      <Filter>头文件</Filter>
    </ClInclude>
    <ClInclude Include="DSACore.h">
      <Filter>头文件</Filter>
    </ClInclude>
    <ClInclude Include="FastPower.h">
      <Filter>头文件</Filter>
    </ClInclude>
    <ClInclude Include="Gcd.h">
      <Filter>头文件</Filter>
    </ClInclude>
    <ClInclude Include="Kruskal.h">
      <Filter>头文件</Filter>
    </ClInclude>
    <ClInclude Include="LinearGetprimes.h">
      <Filter>头文件</Filter>
    </ClInclude>
    <ClInclude Include="Link.h">
      <Filter>头文件</Filter>
    </ClInclude>
    <ClInclude Include="MyHash.h">
      <Filter>头文件</Filter>
    </ClInclude>
    <ClInclude Include="MyQueue.h">
      <Filter>头文件</Filter>
    </ClInclude>
    <ClInclude Include="MyStack.h">
      <Filter>头文件</Filter>
    </ClInclude>
    <ClInclude Include="Prim.h">
      <Filter>头文件</Filter>
    </ClInclude>
    <ClInclude Include="SimpleGetprimes.h">
      <Filter>头文件</Filter>
    </ClInclude>
    <ClInclude Include="Sort.h">
      <Filter>头文件</Filter>
    </ClInclude>
    <ClInclude Include="Spfa.h">
      <Filter>头文件</Filter>
    </ClInclude>
  </ItemGroup>
  <ItemGroup>
    <ClCompile Include="Dijkstra.cpp">
      <Filter>源文件</Filter>
    </ClCompile>
    <ClCompile Include="FastPower.cpp">
      <Filter>源文件</Filter>
    </ClCompile>
    <ClCompile Include="Gcd.cpp">
      <Filter>源文件</Filter>
    </ClCompile>
    <ClCompile Include="Kruskal.cpp">
      <Filter>源文件</Filter>
    </ClCompile>
    <ClCompile Include="LinearGetprimes.cpp">
      <Filter>源文件</Filter>
    </ClCompile>
    <ClCompile Include="MyHash.cpp">
      <Filter>源文件</Filter>
    </ClCompile>
    <ClCompile Include="Prim.cpp">
      <Filter>源文件</Filter>
    </ClCompile>
    <ClCompile Include="SimpleGetprimes.cpp">
      <Filter>源文件</Filter>
    </ClCompile>
    <ClCompile Include="Spfa.cpp">
      <Filter>源文件</Filter>
    </ClCompile>
  </ItemGroup>
</Project>